
Microsoft Visual Studio Solution File, Format Version 12.00
# Visual Studio Version 17
VisualStudioVersion = 17.5.33502.453
MinimumVisualStudioVersion = 10.0.40219.1
Project("{FAE04EC0-301F-11D3-BF4B-00C04F79EFBC}") = "p24Kitaplik", "p24Kitaplik\p24Kitaplik.csproj", "{4038C25D-29D5-4C4A-AAE6-E80FB774E4F0}"
EndProject
Global
	GlobalSection(SolutionConfigurationPlatforms) = preSolution
		Debug|Any CPU = Debug|Any CPU
		Release|Any CPU = Release|Any CPU
	EndGlobalSection
	GlobalSection(ProjectConfigurationPlatforms) = postSolution
		{4038C25D-29D5-4C4A-AAE6-E80FB774E4F0}.Debug|Any CPU.ActiveCfg = Debug|Any CPU
		{4038C25D-29D5-4C4A-AAE6-E80FB774E4F0}.Debug|Any CPU.Build.0 = Debug|Any CPU
		{4038C25D-29D5-4C4A-AAE6-E80FB774E4F0}.Release|Any CPU.ActiveCfg = Release|Any CPU
		{4038C25D-29D5-4C4A-AAE6-E80FB774E4F0}.Release|Any CPU.Build.0 = Release|Any CPU
	EndGlobalSection
	GlobalSection(SolutionProperties) = preSolution
		HideSolutionNode = FALSE
	EndGlobalSection
	GlobalSection(ExtensibilityGlobals) = postSolution
		SolutionGuid = {1F002E5C-BB8F-446D-A3BF-0074BDCEE33A}
	EndGlobalSection
EndGlobal
